
Microsoft Visual Studio Solution File, Format Version 12.00
# Visual Studio Version 16
VisualStudioVersion = 16.0.31729.503
MinimumVisualStudioVersion = 10.0.40219.1
Project("{9A19103F-16F7-4668-BE54-9A1E7A4F7556}") = "Lopdoituong1", "Lopdoituong\Lopdoituong1.csproj", "{F7B53161-D917-4376-BA58-44BB3DB99C22}"
EndProject
Project("{9A19103F-16F7-4668-BE54-9A1E7A4F7556}") = "Lopdoituong2", "Lopdoituong2\Lopdoituong2.csproj", "{2C2359A8-CEF1-44C6-A497-207BBB7A7675}"
EndProject
Project("{9A19103F-16F7-4668-BE54-9A1E7A4F7556}") = "Lopdoituong3", "Lopdoituong3\Lopdoituong3.csproj", "{3F50E932-0014-4820-98D4-57B9C22DCCBB}"
EndProject
Project("{9A19103F-16F7-4668-BE54-9A1E7A4F7556}") = "Lopdoituong4", "Lopdoituong4\Lopdoituong4.csproj", "{F28DB990-2C99-41F1-9054-B11C10BE91B7}"
EndProject
Global
	GlobalSection(SolutionConfigurationPlatforms) = preSolution
		Debug|Any CPU = Debug|Any CPU
		Release|Any CPU = Release|Any CPU
	EndGlobalSection
	GlobalSection(ProjectConfigurationPlatforms) = postSolution
		{F7B53161-D917-4376-BA58-44BB3DB99C22}.Debug|Any CPU.ActiveCfg = Debug|Any CPU
		{F7B53161-D917-4376-BA58-44BB3DB99C22}.Debug|Any CPU.Build.0 = Debug|Any CPU
		{F7B53161-D917-4376-BA58-44BB3DB99C22}.Release|Any CPU.ActiveCfg = Release|Any CPU
		{F7B53161-D917-4376-BA58-44BB3DB99C22}.Release|Any CPU.Build.0 = Release|Any CPU
		{2C2359A8-CEF1-44C6-A497-207BBB7A7675}.Debug|Any CPU.ActiveCfg = Debug|Any CPU
		{2C2359A8-CEF1-44C6-A497-207BBB7A7675}.Debug|Any CPU.Build.0 = Debug|Any CPU
		{2C2359A8-CEF1-44C6-A497-207BBB7A7675}.Release|Any CPU.ActiveCfg = Release|Any CPU
		{2C2359A8-CEF1-44C6-A497-207BBB7A7675}.Release|Any CPU.Build.0 = Release|Any CPU
		{3F50E932-0014-4820-98D4-57B9C22DCCBB}.Debug|Any CPU.ActiveCfg = Debug|Any CPU
		{3F50E932-0014-4820-98D4-57B9C22DCCBB}.Debug|Any CPU.Build.0 = Debug|Any CPU
		{3F50E932-0014-4820-98D4-57B9C22DCCBB}.Release|Any CPU.ActiveCfg = Release|Any CPU
		{3F50E932-0014-4820-98D4-57B9C22DCCBB}.Release|Any CPU.Build.0 = Release|Any CPU
		{F28DB990-2C99-41F1-9054-B11C10BE91B7}.Debug|Any CPU.ActiveCfg = Debug|Any CPU
		{F28DB990-2C99-41F1-9054-B11C10BE91B7}.Debug|Any CPU.Build.0 = Debug|Any CPU
		{F28DB990-2C99-41F1-9054-B11C10BE91B7}.Release|Any CPU.ActiveCfg = Release|Any CPU
		{F28DB990-2C99-41F1-9054-B11C10BE91B7}.Release|Any CPU.Build.0 = Release|Any CPU
	EndGlobalSection
	GlobalSection(SolutionProperties) = preSolution
		HideSolutionNode = FALSE
	EndGlobalSection
	GlobalSection(ExtensibilityGlobals) = postSolution
		SolutionGuid = {47DCE9C4-078F-4A8B-A0DD-3F0251B348C5}
	EndGlobalSection
EndGlobal
